{
  "name": "talus",
  "version": "0.0.0",
  "lockfileVersion": 1,
  "requires": true,
  "dependencies": {
    "@angular/material": {
      "version": "6.0.1",
      "resolved": "https://registry.npmjs.org/@angular/material/-/material-6.0.1.tgz",
      "integrity": "sha512-QbAFoE3wruv/XsAKJirGn0fSfmVIBMCrtGe55hZjOVhvRbrnXJ61VSr4zrO/LDPzT17yXhf3ZaB3Yp/4GmRk8w==",
      "requires": {
        "tslib": "^1.7.1"
      }
    },
    "tslib": {
      "version": "1.9.0",
      "resolved": "https://registry.npmjs.org/tslib/-/tslib-1.9.0.tgz",
      "integrity": "sha512-f/qGG2tUkrISBlQZEjEqoZ3B2+npJjIf04H1wuAv9iA8i04Icp+61KRXxFdha22670NJopsZCIjhC3SnjPRKrQ=="
    }
  }
}
